
Microsoft Visual Studio Solution File, Format Version 12.00
# Visual Studio Version 17
VisualStudioVersion = 17.11.35222.181
MinimumVisualStudioVersion = 10.0.40219.1
Project("{9A19103F-16F7-4668-BE54-9A1E7A4F7556}") = "First", "Task4\First.csproj", "{C357767F-5BCC-4ED5-A28A-AC8C2CF71857}"
EndProject
Project("{9A19103F-16F7-4668-BE54-9A1E7A4F7556}") = "Second", "Second\Second.csproj", "{4031BEC5-7EF1-466D-851E-451A4E40D64E}"
EndProject
Project("{9A19103F-16F7-4668-BE54-9A1E7A4F7556}") = "Third", "Third\Third.csproj", "{38304582-BADC-4AA8-AD46-DD270093524A}"
EndProject
Global
	GlobalSection(SolutionConfigurationPlatforms) = preSolution
		Debug|Any CPU = Debug|Any CPU
		Release|Any CPU = Release|Any CPU
	EndGlobalSection
	GlobalSection(ProjectConfigurationPlatforms) = postSolution
		{C357767F-5BCC-4ED5-A28A-AC8C2CF71857}.Debug|Any CPU.ActiveCfg = Debug|Any CPU
		{C357767F-5BCC-4ED5-A28A-AC8C2CF71857}.Debug|Any CPU.Build.0 = Debug|Any CPU
		{C357767F-5BCC-4ED5-A28A-AC8C2CF71857}.Release|Any CPU.ActiveCfg = Release|Any CPU
		{C357767F-5BCC-4ED5-A28A-AC8C2CF71857}.Release|Any CPU.Build.0 = Release|Any CPU
		{4031BEC5-7EF1-466D-851E-451A4E40D64E}.Debug|Any CPU.ActiveCfg = Debug|Any CPU
		{4031BEC5-7EF1-466D-851E-451A4E40D64E}.Debug|Any CPU.Build.0 = Debug|Any CPU
		{4031BEC5-7EF1-466D-851E-451A4E40D64E}.Release|Any CPU.ActiveCfg = Release|Any CPU
		{4031BEC5-7EF1-466D-851E-451A4E40D64E}.Release|Any CPU.Build.0 = Release|Any CPU
		{38304582-BADC-4AA8-AD46-DD270093524A}.Debug|Any CPU.ActiveCfg = Debug|Any CPU
		{38304582-BADC-4AA8-AD46-DD270093524A}.Debug|Any CPU.Build.0 = Debug|Any CPU
		{38304582-BADC-4AA8-AD46-DD270093524A}.Release|Any CPU.ActiveCfg = Release|Any CPU
		{38304582-BADC-4AA8-AD46-DD270093524A}.Release|Any CPU.Build.0 = Release|Any CPU
	EndGlobalSection
	GlobalSection(SolutionProperties) = preSolution
		HideSolutionNode = FALSE
	EndGlobalSection
	GlobalSection(ExtensibilityGlobals) = postSolution
		SolutionGuid = {666BF708-FE9A-47FF-8808-0CDA3AE3524F}
	EndGlobalSection
EndGlobal
